
Microsoft Visual Studio Solution File, Format Version 12.00
# Visual Studio Version 17
VisualStudioVersion = 17.11.35222.181
MinimumVisualStudioVersion = 10.0.40219.1
Project("{9A19103F-16F7-4668-BE54-9A1E7A4F7556}") = "API_Server", "API_Server.csproj", "{43F005D1-8C3A-4D70-96B3-68F81C573D77}"
EndProject
Project("{2150E333-8FDC-42A3-9474-1A3956D46DE8}") = "Load-Balancer", "Load-Balancer", "{51036D14-FFC2-48C9-9DBA-F1638F8EC65A}"
EndProject
Project("{9A19103F-16F7-4668-BE54-9A1E7A4F7556}") = "Yarp.Proxy", "..\Yarp.Proxy\Yarp.Proxy.csproj", "{24DBD59E-5A7F-4819-9182-725119234B04}"
EndProject
Project("{2150E333-8FDC-42A3-9474-1A3956D46DE8}") = "src", "src", "{D35F6C79-3297-4977-BE9A-4D8BB6DF1C75}"
EndProject
Global
	GlobalSection(SolutionConfigurationPlatforms) = preSolution
		Debug|Any CPU = Debug|Any CPU
		Release|Any CPU = Release|Any CPU
	EndGlobalSection
	GlobalSection(ProjectConfigurationPlatforms) = postSolution
		{43F005D1-8C3A-4D70-96B3-68F81C573D77}.Debug|Any CPU.ActiveCfg = Debug|Any CPU
		{43F005D1-8C3A-4D70-96B3-68F81C573D77}.Debug|Any CPU.Build.0 = Debug|Any CPU
		{43F005D1-8C3A-4D70-96B3-68F81C573D77}.Release|Any CPU.ActiveCfg = Release|Any CPU
		{43F005D1-8C3A-4D70-96B3-68F81C573D77}.Release|Any CPU.Build.0 = Release|Any CPU
		{24DBD59E-5A7F-4819-9182-725119234B04}.Debug|Any CPU.ActiveCfg = Debug|Any CPU
		{24DBD59E-5A7F-4819-9182-725119234B04}.Debug|Any CPU.Build.0 = Debug|Any CPU
		{24DBD59E-5A7F-4819-9182-725119234B04}.Release|Any CPU.ActiveCfg = Release|Any CPU
		{24DBD59E-5A7F-4819-9182-725119234B04}.Release|Any CPU.Build.0 = Release|Any CPU
	EndGlobalSection
	GlobalSection(SolutionProperties) = preSolution
		HideSolutionNode = FALSE
	EndGlobalSection
	GlobalSection(NestedProjects) = preSolution
		{43F005D1-8C3A-4D70-96B3-68F81C573D77} = {D35F6C79-3297-4977-BE9A-4D8BB6DF1C75}
		{24DBD59E-5A7F-4819-9182-725119234B04} = {51036D14-FFC2-48C9-9DBA-F1638F8EC65A}
	EndGlobalSection
	GlobalSection(ExtensibilityGlobals) = postSolution
		SolutionGuid = {061E7992-135B-4E02-903D-A303ACC4AEEF}
	EndGlobalSection
EndGlobal
